// !$*UTF8*$!
{
	archiveVersion = 1;
	classes = {
	};
	objectVersion = 56;
	objects = {

/* Begin PBXBuildFile section */
		CCDAFD8B29E9D46200AA2D7C /* JokesApp.swift in Sources */ = {isa = PBXBuildFile; fileRef = CCDAFD8A29E9D46200AA2D7C /* JokesApp.swift */; };
		CCDAFD8F29E9D46A00AA2D7C /* Assets.xcassets in Resources */ = {isa = PBXBuildFile; fileRef = CCDAFD8E29E9D46A00AA2D7C /* Assets.xcassets */; };
		CCDAFD9229E9D46A00AA2D7C /* Preview Assets.xcassets in Resources */ = {isa = PBXBuildFile; fileRef = CCDAFD9129E9D46A00AA2D7C /* Preview Assets.xcassets */; };
		CCDAFD9A29E9D51600AA2D7C /* JokeView.swift in Sources */ = {isa = PBXBuildFile; fileRef = CCDAFD9929E9D51600AA2D7C /* JokeView.swift */; };
		CCDAFD9D29E9D87100AA2D7C /* Joke.swift in Sources */ = {isa = PBXBuildFile; fileRef = CCDAFD9C29E9D87100AA2D7C /* Joke.swift */; };
		CCDAFDA029E9DA3100AA2D7C /* NetworkService.swift in Sources */ = {isa = PBXBuildFile; fileRef = CCDAFD9F29E9DA3100AA2D7C /* NetworkService.swift */; };
		CCDAFDA529EECA6700AA2D7C /* Blackbird in Frameworks */ = {isa = PBXBuildFile; productRef = CCDAFDA429EECA6700AA2D7C /* Blackbird */; };
		CCDAFDA729EECD2C00AA2D7C /* db.sqlite in Resources */ = {isa = PBXBuildFile; fileRef = CCDAFDA629EECD2C00AA2D7C /* db.sqlite */; };
		CCDAFDAA29EECF0600AA2D7C /* AppDatabase.swift in Sources */ = {isa = PBXBuildFile; fileRef = CCDAFDA929EECF0600AA2D7C /* AppDatabase.swift */; };
/* End PBXBuildFile section */

/* Begin PBXFileReference section */
		CCDAFD8729E9D46100AA2D7C /* Jokes.app */ = {isa = PBXFileReference; explicitFileType = wrapper.application; includeInIndex = 0; path = Jokes.app; sourceTree = BUILT_PRODUCTS_DIR; };
		CCDAFD8A29E9D46200AA2D7C /* JokesApp.swift */ = {isa = PBXFileReference; lastKnownFileType = sourcecode.swift; path = JokesApp.swift; sourceTree = "<group>"; };
		CCDAFD8E29E9D46A00AA2D7C /* Assets.xcassets */ = {isa = PBXFileReference; lastKnownFileType = folder.assetcatalog; path = Assets.xcassets; sourceTree = "<group>"; };
		CCDAFD9129E9D46A00AA2D7C /* Preview Assets.xcassets */ = {isa = PBXFileReference; lastKnownFileType = folder.assetcatalog; path = "Preview Assets.xcassets"; sourceTree = "<group>"; };
		CCDAFD9929E9D51600AA2D7C /* JokeView.swift */ = {isa = PBXFileReference; lastKnownFileType = sourcecode.swift; path = JokeView.swift; sourceTree = "<group>"; };
		CCDAFD9C29E9D87100AA2D7C /* Joke.swift */ = {isa = PBXFileReference; lastKnownFileType = sourcecode.swift; path = Joke.swift; sourceTree = "<group>"; };
		CCDAFD9F29E9DA3100AA2D7C /* NetworkService.swift */ = {isa = PBXFileReference; lastKnownFileType = sourcecode.swift; path = NetworkService.swift; sourceTree = "<group>"; };
		CCDAFDA629EECD2C00AA2D7C /* db.sqlite */ = {isa = PBXFileReference; lastKnownFileType = file; path = db.sqlite; sourceTree = "<group>"; };
		CCDAFDA929EECF0600AA2D7C /* AppDatabase.swift */ = {isa = PBXFileReference; lastKnownFileType = sourcecode.swift; path = AppDatabase.swift; sourceTree = "<group>"; };
/* End PBXFileReference section */

/* Begin PBXFrameworksBuildPhase section */
		CCDAFD8429E9D46100AA2D7C /* Frameworks */ = {
			isa = PBXFrameworksBuildPhase;
			buildActionMask = 2147483647;
			files = (
				CCDAFDA529EECA6700AA2D7C /* Blackbird in Frameworks */,
			);
			runOnlyForDeploymentPostprocessing = 0;
		};
/* End PBXFrameworksBuildPhase section */

/* Begin PBXGroup section */
		CCDAFD7E29E9D46100AA2D7C = {
			isa = PBXGroup;
			children = (
				CCDAFD8929E9D46100AA2D7C /* Jokes */,
				CCDAFD8829E9D46100AA2D7C /* Products */,
			);
			sourceTree = "<group>";
		};
		CCDAFD8829E9D46100AA2D7C /* Products */ = {
			isa = PBXGroup;
			children = (
				CCDAFD8729E9D46100AA2D7C /* Jokes.app */,
			);
			name = Products;
			sourceTree = "<group>";
		};
		CCDAFD8929E9D46100AA2D7C /* Jokes */ = {
			isa = PBXGroup;
			children = (
				CCDAFD8A29E9D46200AA2D7C /* JokesApp.swift */,
				CCDAFDA829EECEDC00AA2D7C /* Helpers */,
				CCDAFD9829E9D4F000AA2D7C /* Views */,
				CCDAFD9E29E9DA1B00AA2D7C /* Services */,
				CCDAFD9B29E9D85700AA2D7C /* Models */,
				CCDAFD8E29E9D46A00AA2D7C /* Assets.xcassets */,
				CCDAFD9029E9D46A00AA2D7C /* Preview Content */,
			);
			path = Jokes;
			sourceTree = "<group>";
		};
		CCDAFD9029E9D46A00AA2D7C /* Preview Content */ = {
			isa = PBXGroup;
			children = (
				CCDAFD9129E9D46A00AA2D7C /* Preview Assets.xcassets */,
			);
			path = "Preview Content";
			sourceTree = "<group>";
		};
		CCDAFD9829E9D4F000AA2D7C /* Views */ = {
			isa = PBXGroup;
			children = (
				CCDAFD9929E9D51600AA2D7C /* JokeView.swift */,
			);
			path = Views;
			sourceTree = "<group>";
		};
		CCDAFD9B29E9D85700AA2D7C /* Models */ = {
			isa = PBXGroup;
			children = (
				CCDAFDA629EECD2C00AA2D7C /* db.sqlite */,
				CCDAFD9C29E9D87100AA2D7C /* Joke.swift */,
			);
			path = Models;
			sourceTree = "<group>";
		};
		CCDAFD9E29E9DA1B00AA2D7C /* Services */ = {
			isa = PBXGroup;
			children = (
				CCDAFD9F29E9DA3100AA2D7C /* NetworkService.swift */,
			);
			path = Services;
			sourceTree = "<group>";
		};
		CCDAFDA829EECEDC00AA2D7C /* Helpers */ = {
			isa = PBXGroup;
			children = (
				CCDAFDA929EECF0600AA2D7C /* AppDatabase.swift */,
			);
			path = Helpers;
			sourceTree = "<group>";
		};
/* End PBXGroup section */

/* Begin PBXNativeTarget section */
		CCDAFD8629E9D46100AA2D7C /* Jokes */ = {
			isa = PBXNativeTarget;
			buildConfigurationList = CCDAFD9529E9D46A00AA2D7C /* Build configuration list for PBXNativeTarget "Jokes" */;
			buildPhases = (
				CCDAFD8329E9D46100AA2D7C /* Sources */,
				CCDAFD8429E9D46100AA2D7C /* Frameworks */,
				CCDAFD8529E9D46100AA2D7C /* Resources */,
			);
			buildRules = (
			);
			dependencies = (
			);
			name = Jokes;
			packageProductDependencies = (
				CCDAFDA429EECA6700AA2D7C /* Blackbird */,
			);
			productName = Jokes;
			productReference = CCDAFD8729E9D46100AA2D7C /* Jokes.app */;
			productType = "com.apple.product-type.application";
		};
/* End PBXNativeTarget section */

/* Begin PBXProject section */
		CCDAFD7F29E9D46100AA2D7C /* Project object */ = {
			isa = PBXProject;
			attributes = {
				BuildIndependentTargetsInParallel = 1;
				LastSwiftUpdateCheck = 1420;
				LastUpgradeCheck = 1420;
				TargetAttributes = {
					CCDAFD8629E9D46100AA2D7C = {
						CreatedOnToolsVersion = 14.2;
					};
				};
			};
			buildConfigurationList = CCDAFD8229E9D46100AA2D7C /* Build configuration list for PBXProject "Jokes" */;
			compatibilityVersion = "Xcode 14.0";
			developmentRegion = en;
			hasScannedForEncodings = 0;
			knownRegions = (
				en,
				Base,
			);
			mainGroup = CCDAFD7E29E9D46100AA2D7C;
			packageReferences = (
				CCDAFDA329EECA6700AA2D7C /* XCRemoteSwiftPackageReference "Blackbird" */,
			);
			productRefGroup = CCDAFD8829E9D46100AA2D7C /* Products */;
			projectDirPath = "";
			projectRoot = "";
			targets = (
				CCDAFD8629E9D46100AA2D7C /* Jokes */,
			);
		};
/* End PBXProject section */

/* Begin PBXResourcesBuildPhase section */
		CCDAFD8529E9D46100AA2D7C /* Resources */ = {
			isa = PBXResourcesBuildPhase;
			buildActionMask = 2147483647;
			files = (
				CCDAFD9229E9D46A00AA2D7C /* Preview Assets.xcassets in Resources */,
				CCDAFDA729EECD2C00AA2D7C /* db.sqlite in Resources */,
				CCDAFD8F29E9D46A00AA2D7C /* Assets.xcassets in Resources */,
			);
			runOnlyForDeploymentPostprocessing = 0;
		};
/* End PBXResourcesBuildPhase section */

/* Begin PBXSourcesBuildPhase section */
		CCDAFD8329E9D46100AA2D7C /* Sources */ = {
			isa = PBXSourcesBuildPhase;
			buildActionMask = 2147483647;
			files = (
				CCDAFD8B29E9D46200AA2D7C /* JokesApp.swift in Sources */,
				CCDAFD9A29E9D51600AA2D7C /* JokeView.swift in Sources */,
				CCDAFDA029E9DA3100AA2D7C /* NetworkService.swift in Sources */,
				CCDAFD9D29E9D87100AA2D7C /* Joke.swift in Sources */,
				CCDAFDAA29EECF0600AA2D7C /* AppDatabase.swift in Sources */,
			);
			runOnlyForDeploymentPostprocessing = 0;
		};
/* End PBXSourcesBuildPhase section */

/* Begin XCBuildConfiguration section */
		CCDAFD9329E9D46A00AA2D7C /* Debug */ = {
			isa = XCBuildConfiguration;
			buildSettings = {
				ALWAYS_SEARCH_USER_PATHS = NO;
				CLANG_ANALYZER_NONNULL = YES;
				CLANG_ANALYZER_NUMBER_OBJECT_CONVERSION = YES_AGGRESSIVE;
				CLANG_CXX_LANGUAGE_STANDARD = "gnu++20";
				CLANG_ENABLE_MODULES = YES;
				CLANG_ENABLE_OBJC_ARC = YES;
				CLANG_ENABLE_OBJC_WEAK = YES;
				CLANG_WARN_BLOCK_CAPTURE_AUTORELEASING = YES;
				CLANG_WARN_BOOL_CONVERSION = YES;
				CLANG_WARN_COMMA = YES;
				CLANG_WARN_CONSTANT_CONVERSION = YES;
				CLANG_WARN_DEPRECATED_OBJC_IMPLEMENTATIONS = YES;
				CLANG_WARN_DIRECT_OBJC_ISA_USAGE = YES_ERROR;
				CLANG_WARN_DOCUMENTATION_COMMENTS = YES;
				CLANG_WARN_EMPTY_BODY = YES;
				CLANG_WARN_ENUM_CONVERSION = YES;
				CLANG_WARN_INFINITE_RECURSION = YES;
				CLANG_WARN_INT_CONVERSION = YES;
				CLANG_WARN_NON_LITERAL_NULL_CONVERSION = YES;
				CLANG_WARN_OBJC_IMPLICIT_RETAIN_SELF = YES;
				CLANG_WARN_OBJC_LITERAL_CONVERSION = YES;
				CLANG_WARN_OBJC_ROOT_CLASS = YES_ERROR;
				CLANG_WARN_QUOTED_INCLUDE_IN_FRAMEWORK_HEADER = YES;
				CLANG_WARN_RANGE_LOOP_ANALYSIS = YES;
				CLANG_WARN_STRICT_PROTOTYPES = YES;
				CLANG_WARN_SUSPICIOUS_MOVE = YES;
				CLANG_WARN_UNGUARDED_AVAILABILITY = YES_AGGRESSIVE;
				CLANG_WARN_UNREACHABLE_CODE = YES;
				CLANG_WARN__DUPLICATE_METHOD_MATCH = YES;
				COPY_PHASE_STRIP = NO;
				DEBUG_INFORMATION_FORMAT = dwarf;
				ENABLE_STRICT_OBJC_MSGSEND = YES;
				ENABLE_TESTABILITY = YES;
				GCC_C_LANGUAGE_STANDARD = gnu11;
				GCC_DYNAMIC_NO_PIC = NO;
				GCC_NO_COMMON_BLOCKS = YES;
				GCC_OPTIMIZATION_LEVEL = 0;
				GCC_PREPROCESSOR_DEFINITIONS = (
					"DEBUG=1",
					"$(inherited)",
				);
				GCC_WARN_64_TO_32_BIT_CONVERSION = YES;
				GCC_WARN_ABOUT_RETURN_TYPE = YES_ERROR;
				GCC_WARN_UNDECLARED_SELECTOR = YES;
				GCC_WARN_UNINITIALIZED_AUTOS = YES_AGGRESSIVE;
				GCC_WARN_UNUSED_FUNCTION = YES;
				GCC_WARN_UNUSED_VARIABLE = YES;
				IPHONEOS_DEPLOYMENT_TARGET = 16.2;
				MTL_ENABLE_DEBUG_INFO = INCLUDE_SOURCE;
				MTL_FAST_MATH = YES;
				ONLY_ACTIVE_ARCH = YES;
				SDKROOT = iphoneos;
				SWIFT_ACTIVE_COMPILATION_CONDITIONS = DEBUG;
				SWIFT_OPTIMIZATION_LEVEL = "-Onone";
			};
			name = Debug;
		};
		CCDAFD9429E9D46A00AA2D7C /* Release */ = {
			isa = XCBuildConfiguration;
			buildSettings = {
				ALWAYS_SEARCH_USER_PATHS = NO;
				CLANG_ANALYZER_NONNULL = YES;
				CLANG_ANALYZER_NUMBER_OBJECT_CONVERSION = YES_AGGRESSIVE;
				CLANG_CXX_LANGUAGE_STANDARD = "gnu++20";
				CLANG_ENABLE_MODULES = YES;
				CLANG_ENABLE_OBJC_ARC = YES;
				CLANG_ENABLE_OBJC_WEAK = YES;
				CLANG_WARN_BLOCK_CAPTURE_AUTORELEASING = YES;
				CLANG_WARN_BOOL_CONVERSION = YES;
				CLANG_WARN_COMMA = YES;
				CLANG_WARN_CONSTANT_CONVERSION = YES;
				CLANG_WARN_DEPRECATED_OBJC_IMPLEMENTATIONS = YES;
				CLANG_WARN_DIRECT_OBJC_ISA_USAGE = YES_ERROR;
				CLANG_WARN_DOCUMENTATION_COMMENTS = YES;
				CLANG_WARN_EMPTY_BODY = YES;
				CLANG_WARN_ENUM_CONVERSION = YES;
				CLANG_WARN_INFINITE_RECURSION = YES;
				CLANG_WARN_INT_CONVERSION = YES;
				CLANG_WARN_NON_LITERAL_NULL_CONVERSION = YES;
				CLANG_WARN_OBJC_IMPLICIT_RETAIN_SELF = YES;
				CLANG_WARN_OBJC_LITERAL_CONVERSION = YES;
				CLANG_WARN_OBJC_ROOT_CLASS = YES_ERROR;
				CLANG_WARN_QUOTED_INCLUDE_IN_FRAMEWORK_HEADER = YES;
				CLANG_WARN_RANGE_LOOP_ANALYSIS = YES;
				CLANG_WARN_STRICT_PROTOTYPES = YES;
				CLANG_WARN_SUSPICIOUS_MOVE = YES;
				CLANG_WARN_UNGUARDED_AVAILABILITY = YES_AGGRESSIVE;
				CLANG_WARN_UNREACHABLE_CODE = YES;
				CLANG_WARN__DUPLICATE_METHOD_MATCH = YES;
				COPY_PHASE_STRIP = NO;
				DEBUG_INFORMATION_FORMAT = "dwarf-with-dsym";
				ENABLE_NS_ASSERTIONS = NO;
				ENABLE_STRICT_OBJC_MSGSEND = YES;
				GCC_C_LANGUAGE_STANDARD = gnu11;
				GCC_NO_COMMON_BLOCKS = YES;
				GCC_WARN_64_TO_32_BIT_CONVERSION = YES;
				GCC_WARN_ABOUT_RETURN_TYPE = YES_ERROR;
				GCC_WARN_UNDECLARED_SELECTOR = YES;
				GCC_WARN_UNINITIALIZED_AUTOS = YES_AGGRESSIVE;
				GCC_WARN_UNUSED_FUNCTION = YES;
				GCC_WARN_UNUSED_VARIABLE = YES;
				IPHONEOS_DEPLOYMENT_TARGET = 16.2;
				MTL_ENABLE_DEBUG_INFO = NO;
				MTL_FAST_MATH = YES;
				SDKROOT = iphoneos;
				SWIFT_COMPILATION_MODE = wholemodule;
				SWIFT_OPTIMIZATION_LEVEL = "-O";
				VALIDATE_PRODUCT = YES;
			};
			name = Release;
		};
		CCDAFD9629E9D46A00AA2D7C /* Debug */ = {
			isa = XCBuildConfiguration;
			buildSettings = {
				ASSETCATALOG_COMPILER_APPICON_NAME = AppIcon;
				ASSETCATALOG_COMPILER_GLOBAL_ACCENT_COLOR_NAME = AccentColor;
				CODE_SIGN_STYLE = Automatic;
				CURRENT_PROJECT_VERSION = 1;
				DEVELOPMENT_ASSET_PATHS = "\"Jokes/Preview Content\"";
				ENABLE_PREVIEWS = YES;
				GENERATE_INFOPLIST_FILE = YES;
				INFOPLIST_KEY_UIApplicationSceneManifest_Generation = YES;
				INFOPLIST_KEY_UIApplicationSupportsIndirectInputEvents = YES;
				INFOPLIST_KEY_UILaunchScreen_Generation = YES;
				INFOPLIST_KEY_UISupportedInterfaceOrientations_iPad = "UIInterfaceOrientationPortrait UIInterfaceOrientationPortraitUpsideDown UIInterfaceOrientationLandscapeLeft UIInterfaceOrientationLandscapeRight";
				INFOPLIST_KEY_UISupportedInterfaceOrientations_iPhone = "UIInterfaceOrientationPortrait UIInterfaceOrientationLandscapeLeft UIInterfaceOrientationLandscapeRight";
				LD_RUNPATH_SEARCH_PATHS = (
					"$(inherited)",
					"@executable_path/Frameworks",
				);
				MARKETING_VERSION = 1.0;
				PRODUCT_BUNDLE_IDENTIFIER = com.codewithmorgan.Jokes;
				PRODUCT_NAME = "$(TARGET_NAME)";
				SWIFT_EMIT_LOC_STRINGS = YES;
				SWIFT_VERSION = 5.0;
				TARGETED_DEVICE_FAMILY = "1,2";
			};
			name = Debug;
		};
		CCDAFD9729E9D46A00AA2D7C /* Release */ = {
			isa = XCBuildConfiguration;
			buildSettings = {
				ASSETCATALOG_COMPILER_APPICON_NAME = AppIcon;
				ASSETCATALOG_COMPILER_GLOBAL_ACCENT_COLOR_NAME = AccentColor;
				CODE_SIGN_STYLE = Automatic;
				CURRENT_PROJECT_VERSION = 1;
				DEVELOPMENT_ASSET_PATHS = "\"Jokes/Preview Content\"";
				ENABLE_PREVIEWS = YES;
				GENERATE_INFOPLIST_FILE = YES;
				INFOPLIST_KEY_UIApplicationSceneManifest_Generation = YES;
				INFOPLIST_KEY_UIApplicationSupportsIndirectInputEvents = YES;
				INFOPLIST_KEY_UILaunchScreen_Generation = YES;
				INFOPLIST_KEY_UISupportedInterfaceOrientations_iPad = "UIInterfaceOrientationPortrait UIInterfaceOrientationPortraitUpsideDown UIInterfaceOrientationLandscapeLeft UIInterfaceOrientationLandscapeRight";
				INFOPLIST_KEY_UISupportedInterfaceOrientations_iPhone = "UIInterfaceOrientationPortrait UIInterfaceOrientationLandscapeLeft UIInterfaceOrientationLandscapeRight";
				LD_RUNPATH_SEARCH_PATHS = (
					"$(inherited)",
					"@executable_path/Frameworks",
				);
				MARKETING_VERSION = 1.0;
				PRODUCT_BUNDLE_IDENTIFIER = com.codewithmorgan.Jokes;
				PRODUCT_NAME = "$(TARGET_NAME)";
				SWIFT_EMIT_LOC_STRINGS = YES;
				SWIFT_VERSION = 5.0;
				TARGETED_DEVICE_FAMILY = "1,2";
			};
			name = Release;
		};
/* End XCBuildConfiguration section */

/* Begin XCConfigurationList section */
		CCDAFD8229E9D46100AA2D7C /* Build configuration list for PBXProject "Jokes" */ = {
			isa = XCConfigurationList;
			buildConfigurations = (
				CCDAFD9329E9D46A00AA2D7C /* Debug */,
				CCDAFD9429E9D46A00AA2D7C /* Release */,
			);
			defaultConfigurationIsVisible = 0;
			defaultConfigurationName = Release;
		};
		CCDAFD9529E9D46A00AA2D7C /* Build configuration list for PBXNativeTarget "Jokes" */ = {
			isa = XCConfigurationList;
			buildConfigurations = (
				CCDAFD9629E9D46A00AA2D7C /* Debug */,
				CCDAFD9729E9D46A00AA2D7C /* Release */,
			);
			defaultConfigurationIsVisible = 0;
			defaultConfigurationName = Release;
		};
/* End XCConfigurationList section */

/* Begin XCRemoteSwiftPackageReference section */
		CCDAFDA329EECA6700AA2D7C /* XCRemoteSwiftPackageReference "Blackbird" */ = {
			isa = XCRemoteSwiftPackageReference;
			repositoryURL = "https://github.com/marcoarment/Blackbird";
			requirement = {
				branch = main;
				kind = branch;
			};
		};
/* End XCRemoteSwiftPackageReference section */

/* Begin XCSwiftPackageProductDependency section */
		CCDAFDA429EECA6700AA2D7C /* Blackbird */ = {
			isa = XCSwiftPackageProductDependency;
			package = CCDAFDA329EECA6700AA2D7C /* XCRemoteSwiftPackageReference "Blackbird" */;
			productName = Blackbird;
		};
/* End XCSwiftPackageProductDependency section */
	};
	rootObject = CCDAFD7F29E9D46100AA2D7C /* Project object */;
}
